
Microsoft Visual Studio Solution File, Format Version 12.00
# Visual Studio Version 17
VisualStudioVersion = 17.4.33213.308
MinimumVisualStudioVersion = 10.0.40219.1
Project("{FAE04EC0-301F-11D3-BF4B-00C04F79EFBC}") = "ContosoUniversity", "ContosoUniversity\ContosoUniversity.csproj", "{035CAADD-CAAB-4B5E-9356-3B5C26BF2C64}"
EndProject
Global
	GlobalSection(SolutionConfigurationPlatforms) = preSolution
		Debug|Any CPU = Debug|Any CPU
		Release|Any CPU = Release|Any CPU
	EndGlobalSection
	GlobalSection(ProjectConfigurationPlatforms) = postSolution
		{035CAADD-CAAB-4B5E-9356-3B5C26BF2C64}.Debug|Any CPU.ActiveCfg = Debug|Any CPU
		{035CAADD-CAAB-4B5E-9356-3B5C26BF2C64}.Debug|Any CPU.Build.0 = Debug|Any CPU
		{035CAADD-CAAB-4B5E-9356-3B5C26BF2C64}.Release|Any CPU.ActiveCfg = Release|Any CPU
		{035CAADD-CAAB-4B5E-9356-3B5C26BF2C64}.Release|Any CPU.Build.0 = Release|Any CPU
	EndGlobalSection
	GlobalSection(SolutionProperties) = preSolution
		HideSolutionNode = FALSE
	EndGlobalSection
	GlobalSection(ExtensibilityGlobals) = postSolution
		SolutionGuid = {2E8415B7-E0E8-4818-8F23-ACF34C39AA43}
	EndGlobalSection
EndGlobal
